// !$*UTF8*$!
{
	archiveVersion = 1;
	classes = {
	};
	objectVersion = 56;
	objects = {

/* Begin PBXBuildFile section */
		5B247479294CC38700978AD6 /* BirminghamApp.swift in Sources */ = {isa = PBXBuildFile; fileRef = 5B247478294CC38700978AD6 /* BirminghamApp.swift */; };
		5B24747B294CC38700978AD6 /* ContentView.swift in Sources */ = {isa = PBXBuildFile; fileRef = 5B24747A294CC38700978AD6 /* ContentView.swift */; };
		5B24747D294CC38800978AD6 /* Assets.xcassets in Resources */ = {isa = PBXBuildFile; fileRef = 5B24747C294CC38800978AD6 /* Assets.xcassets */; };
		5B247480294CC38800978AD6 /* Preview Assets.xcassets in Resources */ = {isa = PBXBuildFile; fileRef = 5B24747F294CC38800978AD6 /* Preview Assets.xcassets */; };
		5B247487294CC3BC00978AD6 /* Main.swift in Sources */ = {isa = PBXBuildFile; fileRef = 5B247486294CC3BC00978AD6 /* Main.swift */; };
		5B247489294CCC5400978AD6 /* RectangleButton.swift in Sources */ = {isa = PBXBuildFile; fileRef = 5B247488294CCC5400978AD6 /* RectangleButton.swift */; };
		5B24748B294CD9F200978AD6 /* MyTablesOrdersReservingsView.swift in Sources */ = {isa = PBXBuildFile; fileRef = 5B24748A294CD9F200978AD6 /* MyTablesOrdersReservingsView.swift */; };
		5B24748D294CF08500978AD6 /* TableReservView.swift in Sources */ = {isa = PBXBuildFile; fileRef = 5B24748C294CF08500978AD6 /* TableReservView.swift */; };
		5B24748F294DF0B000978AD6 /* TakeAwayView.swift in Sources */ = {isa = PBXBuildFile; fileRef = 5B24748E294DF0B000978AD6 /* TakeAwayView.swift */; };
		5B247491294E016F00978AD6 /* AllMenuView.swift in Sources */ = {isa = PBXBuildFile; fileRef = 5B247490294E016F00978AD6 /* AllMenuView.swift */; };
		5B247493294E019000978AD6 /* Dish.swift in Sources */ = {isa = PBXBuildFile; fileRef = 5B247492294E019000978AD6 /* Dish.swift */; };
		5B247498294E02F900978AD6 /* DishView.swift in Sources */ = {isa = PBXBuildFile; fileRef = 5B247497294E02F900978AD6 /* DishView.swift */; };
		5B24749A294E8AA600978AD6 /* GoToOrderView.swift in Sources */ = {isa = PBXBuildFile; fileRef = 5B247499294E8AA600978AD6 /* GoToOrderView.swift */; };
		5B24749C294E971100978AD6 /* ContactsView.swift in Sources */ = {isa = PBXBuildFile; fileRef = 5B24749B294E971100978AD6 /* ContactsView.swift */; };
		5B24749E294E9E5100978AD6 /* Contacts.swift in Sources */ = {isa = PBXBuildFile; fileRef = 5B24749D294E9E5100978AD6 /* Contacts.swift */; };
/* End PBXBuildFile section */

/* Begin PBXFileReference section */
		5B247475294CC38700978AD6 /* Birmingham.app */ = {isa = PBXFileReference; explicitFileType = wrapper.application; includeInIndex = 0; path = Birmingham.app; sourceTree = BUILT_PRODUCTS_DIR; };
		5B247478294CC38700978AD6 /* BirminghamApp.swift */ = {isa = PBXFileReference; lastKnownFileType = sourcecode.swift; path = BirminghamApp.swift; sourceTree = "<group>"; };
		5B24747A294CC38700978AD6 /* ContentView.swift */ = {isa = PBXFileReference; lastKnownFileType = sourcecode.swift; path = ContentView.swift; sourceTree = "<group>"; };
		5B24747C294CC38800978AD6 /* Assets.xcassets */ = {isa = PBXFileReference; lastKnownFileType = folder.assetcatalog; path = Assets.xcassets; sourceTree = "<group>"; };
		5B24747F294CC38800978AD6 /* Preview Assets.xcassets */ = {isa = PBXFileReference; lastKnownFileType = folder.assetcatalog; path = "Preview Assets.xcassets"; sourceTree = "<group>"; };
		5B247486294CC3BC00978AD6 /* Main.swift */ = {isa = PBXFileReference; lastKnownFileType = sourcecode.swift; path = Main.swift; sourceTree = "<group>"; };
		5B247488294CCC5400978AD6 /* RectangleButton.swift */ = {isa = PBXFileReference; lastKnownFileType = sourcecode.swift; path = RectangleButton.swift; sourceTree = "<group>"; };
		5B24748A294CD9F200978AD6 /* MyTablesOrdersReservingsView.swift */ = {isa = PBXFileReference; lastKnownFileType = sourcecode.swift; path = MyTablesOrdersReservingsView.swift; sourceTree = "<group>"; };
		5B24748C294CF08500978AD6 /* TableReservView.swift */ = {isa = PBXFileReference; lastKnownFileType = sourcecode.swift; path = TableReservView.swift; sourceTree = "<group>"; };
		5B24748E294DF0B000978AD6 /* TakeAwayView.swift */ = {isa = PBXFileReference; lastKnownFileType = sourcecode.swift; path = TakeAwayView.swift; sourceTree = "<group>"; };
		5B247490294E016F00978AD6 /* AllMenuView.swift */ = {isa = PBXFileReference; lastKnownFileType = sourcecode.swift; path = AllMenuView.swift; sourceTree = "<group>"; };
		5B247492294E019000978AD6 /* Dish.swift */ = {isa = PBXFileReference; lastKnownFileType = sourcecode.swift; path = Dish.swift; sourceTree = "<group>"; };
		5B247497294E02F900978AD6 /* DishView.swift */ = {isa = PBXFileReference; lastKnownFileType = sourcecode.swift; path = DishView.swift; sourceTree = "<group>"; };
		5B247499294E8AA600978AD6 /* GoToOrderView.swift */ = {isa = PBXFileReference; lastKnownFileType = sourcecode.swift; path = GoToOrderView.swift; sourceTree = "<group>"; };
		5B24749B294E971100978AD6 /* ContactsView.swift */ = {isa = PBXFileReference; lastKnownFileType = sourcecode.swift; path = ContactsView.swift; sourceTree = "<group>"; };
		5B24749D294E9E5100978AD6 /* Contacts.swift */ = {isa = PBXFileReference; lastKnownFileType = sourcecode.swift; path = Contacts.swift; sourceTree = "<group>"; };
/* End PBXFileReference section */

/* Begin PBXFrameworksBuildPhase section */
		5B247472294CC38700978AD6 /* Frameworks */ = {
			isa = PBXFrameworksBuildPhase;
			buildActionMask = 2147483647;
			files = (
			);
			runOnlyForDeploymentPostprocessing = 0;
		};
/* End PBXFrameworksBuildPhase section */

/* Begin PBXGroup section */
		5B24746C294CC38700978AD6 = {
			isa = PBXGroup;
			children = (
				5B247477294CC38700978AD6 /* Birmingham */,
				5B247476294CC38700978AD6 /* Products */,
			);
			sourceTree = "<group>";
		};
		5B247476294CC38700978AD6 /* Products */ = {
			isa = PBXGroup;
			children = (
				5B247475294CC38700978AD6 /* Birmingham.app */,
			);
			name = Products;
			sourceTree = "<group>";
		};
		5B247477294CC38700978AD6 /* Birmingham */ = {
			isa = PBXGroup;
			children = (
				5B247478294CC38700978AD6 /* BirminghamApp.swift */,
				5B247495294E02AB00978AD6 /* Model */,
				5B247494294E029200978AD6 /* View */,
				5B247496294E02CD00978AD6 /* Addition views */,
				5B24747C294CC38800978AD6 /* Assets.xcassets */,
				5B24747E294CC38800978AD6 /* Preview Content */,
			);
			path = Birmingham;
			sourceTree = "<group>";
		};
		5B24747E294CC38800978AD6 /* Preview Content */ = {
			isa = PBXGroup;
			children = (
				5B24747F294CC38800978AD6 /* Preview Assets.xcassets */,
			);
			path = "Preview Content";
			sourceTree = "<group>";
		};
		5B247494294E029200978AD6 /* View */ = {
			isa = PBXGroup;
			children = (
				5B24747A294CC38700978AD6 /* ContentView.swift */,
				5B247486294CC3BC00978AD6 /* Main.swift */,
				5B24748A294CD9F200978AD6 /* MyTablesOrdersReservingsView.swift */,
				5B24748C294CF08500978AD6 /* TableReservView.swift */,
				5B24748E294DF0B000978AD6 /* TakeAwayView.swift */,
				5B247490294E016F00978AD6 /* AllMenuView.swift */,
				5B247499294E8AA600978AD6 /* GoToOrderView.swift */,
				5B24749B294E971100978AD6 /* ContactsView.swift */,
			);
			path = View;
			sourceTree = "<group>";
		};
		5B247495294E02AB00978AD6 /* Model */ = {
			isa = PBXGroup;
			children = (
				5B247492294E019000978AD6 /* Dish.swift */,
				5B24749D294E9E5100978AD6 /* Contacts.swift */,
			);
			path = Model;
			sourceTree = "<group>";
		};
		5B247496294E02CD00978AD6 /* Addition views */ = {
			isa = PBXGroup;
			children = (
				5B247488294CCC5400978AD6 /* RectangleButton.swift */,
				5B247497294E02F900978AD6 /* DishView.swift */,
			);
			path = "Addition views";
			sourceTree = "<group>";
		};
/* End PBXGroup section */

/* Begin PBXNativeTarget section */
		5B247474294CC38700978AD6 /* Birmingham */ = {
			isa = PBXNativeTarget;
			buildConfigurationList = 5B247483294CC38800978AD6 /* Build configuration list for PBXNativeTarget "Birmingham" */;
			buildPhases = (
				5B247471294CC38700978AD6 /* Sources */,
				5B247472294CC38700978AD6 /* Frameworks */,
				5B247473294CC38700978AD6 /* Resources */,
			);
			buildRules = (
			);
			dependencies = (
			);
			name = Birmingham;
			productName = Birmingham;
			productReference = 5B247475294CC38700978AD6 /* Birmingham.app */;
			productType = "com.apple.product-type.application";
		};
/* End PBXNativeTarget section */

/* Begin PBXProject section */
		5B24746D294CC38700978AD6 /* Project object */ = {
			isa = PBXProject;
			attributes = {
				BuildIndependentTargetsInParallel = 1;
				LastSwiftUpdateCheck = 1410;
				LastUpgradeCheck = 1410;
				TargetAttributes = {
					5B247474294CC38700978AD6 = {
						CreatedOnToolsVersion = 14.1;
					};
				};
			};
			buildConfigurationList = 5B247470294CC38700978AD6 /* Build configuration list for PBXProject "Birmingham" */;
			compatibilityVersion = "Xcode 14.0";
			developmentRegion = en;
			hasScannedForEncodings = 0;
			knownRegions = (
				en,
				Base,
			);
			mainGroup = 5B24746C294CC38700978AD6;
			productRefGroup = 5B247476294CC38700978AD6 /* Products */;
			projectDirPath = "";
			projectRoot = "";
			targets = (
				5B247474294CC38700978AD6 /* Birmingham */,
			);
		};
/* End PBXProject section */

/* Begin PBXResourcesBuildPhase section */
		5B247473294CC38700978AD6 /* Resources */ = {
			isa = PBXResourcesBuildPhase;
			buildActionMask = 2147483647;
			files = (
				5B247480294CC38800978AD6 /* Preview Assets.xcassets in Resources */,
				5B24747D294CC38800978AD6 /* Assets.xcassets in Resources */,
			);
			runOnlyForDeploymentPostprocessing = 0;
		};
/* End PBXResourcesBuildPhase section */

/* Begin PBXSourcesBuildPhase section */
		5B247471294CC38700978AD6 /* Sources */ = {
			isa = PBXSourcesBuildPhase;
			buildActionMask = 2147483647;
			files = (
				5B24748F294DF0B000978AD6 /* TakeAwayView.swift in Sources */,
				5B247487294CC3BC00978AD6 /* Main.swift in Sources */,
				5B247489294CCC5400978AD6 /* RectangleButton.swift in Sources */,
				5B24749C294E971100978AD6 /* ContactsView.swift in Sources */,
				5B24748B294CD9F200978AD6 /* MyTablesOrdersReservingsView.swift in Sources */,
				5B24747B294CC38700978AD6 /* ContentView.swift in Sources */,
				5B247491294E016F00978AD6 /* AllMenuView.swift in Sources */,
				5B247498294E02F900978AD6 /* DishView.swift in Sources */,
				5B24749E294E9E5100978AD6 /* Contacts.swift in Sources */,
				5B247493294E019000978AD6 /* Dish.swift in Sources */,
				5B247479294CC38700978AD6 /* BirminghamApp.swift in Sources */,
				5B24749A294E8AA600978AD6 /* GoToOrderView.swift in Sources */,
				5B24748D294CF08500978AD6 /* TableReservView.swift in Sources */,
			);
			runOnlyForDeploymentPostprocessing = 0;
		};
/* End PBXSourcesBuildPhase section */

/* Begin XCBuildConfiguration section */
		5B247481294CC38800978AD6 /* Debug */ = {
			isa = XCBuildConfiguration;
			buildSettings = {
				ALWAYS_SEARCH_USER_PATHS = NO;
				CLANG_ANALYZER_NONNULL = YES;
				CLANG_ANALYZER_NUMBER_OBJECT_CONVERSION = YES_AGGRESSIVE;
				CLANG_CXX_LANGUAGE_STANDARD = "gnu++20";
				CLANG_ENABLE_MODULES = YES;
				CLANG_ENABLE_OBJC_ARC = YES;
				CLANG_ENABLE_OBJC_WEAK = YES;
				CLANG_WARN_BLOCK_CAPTURE_AUTORELEASING = YES;
				CLANG_WARN_BOOL_CONVERSION = YES;
				CLANG_WARN_COMMA = YES;
				CLANG_WARN_CONSTANT_CONVERSION = YES;
				CLANG_WARN_DEPRECATED_OBJC_IMPLEMENTATIONS = YES;
				CLANG_WARN_DIRECT_OBJC_ISA_USAGE = YES_ERROR;
				CLANG_WARN_DOCUMENTATION_COMMENTS = YES;
				CLANG_WARN_EMPTY_BODY = YES;
				CLANG_WARN_ENUM_CONVERSION = YES;
				CLANG_WARN_INFINITE_RECURSION = YES;
				CLANG_WARN_INT_CONVERSION = YES;
				CLANG_WARN_NON_LITERAL_NULL_CONVERSION = YES;
				CLANG_WARN_OBJC_IMPLICIT_RETAIN_SELF = YES;
				CLANG_WARN_OBJC_LITERAL_CONVERSION = YES;
				CLANG_WARN_OBJC_ROOT_CLASS = YES_ERROR;
				CLANG_WARN_QUOTED_INCLUDE_IN_FRAMEWORK_HEADER = YES;
				CLANG_WARN_RANGE_LOOP_ANALYSIS = YES;
				CLANG_WARN_STRICT_PROTOTYPES = YES;
				CLANG_WARN_SUSPICIOUS_MOVE = YES;
				CLANG_WARN_UNGUARDED_AVAILABILITY = YES_AGGRESSIVE;
				CLANG_WARN_UNREACHABLE_CODE = YES;
				CLANG_WARN__DUPLICATE_METHOD_MATCH = YES;
				COPY_PHASE_STRIP = NO;
				DEBUG_INFORMATION_FORMAT = dwarf;
				ENABLE_STRICT_OBJC_MSGSEND = YES;
				ENABLE_TESTABILITY = YES;
				GCC_C_LANGUAGE_STANDARD = gnu11;
				GCC_DYNAMIC_NO_PIC = NO;
				GCC_NO_COMMON_BLOCKS = YES;
				GCC_OPTIMIZATION_LEVEL = 0;
				GCC_PREPROCESSOR_DEFINITIONS = (
					"DEBUG=1",
					"$(inherited)",
				);
				GCC_WARN_64_TO_32_BIT_CONVERSION = YES;
				GCC_WARN_ABOUT_RETURN_TYPE = YES_ERROR;
				GCC_WARN_UNDECLARED_SELECTOR = YES;
				GCC_WARN_UNINITIALIZED_AUTOS = YES_AGGRESSIVE;
				GCC_WARN_UNUSED_FUNCTION = YES;
				GCC_WARN_UNUSED_VARIABLE = YES;
				IPHONEOS_DEPLOYMENT_TARGET = 16.1;
				MTL_ENABLE_DEBUG_INFO = INCLUDE_SOURCE;
				MTL_FAST_MATH = YES;
				ONLY_ACTIVE_ARCH = YES;
				SDKROOT = iphoneos;
				SWIFT_ACTIVE_COMPILATION_CONDITIONS = DEBUG;
				SWIFT_OPTIMIZATION_LEVEL = "-Onone";
			};
			name = Debug;
		};
		5B247482294CC38800978AD6 /* Release */ = {
			isa = XCBuildConfiguration;
			buildSettings = {
				ALWAYS_SEARCH_USER_PATHS = NO;
				CLANG_ANALYZER_NONNULL = YES;
				CLANG_ANALYZER_NUMBER_OBJECT_CONVERSION = YES_AGGRESSIVE;
				CLANG_CXX_LANGUAGE_STANDARD = "gnu++20";
				CLANG_ENABLE_MODULES = YES;
				CLANG_ENABLE_OBJC_ARC = YES;
				CLANG_ENABLE_OBJC_WEAK = YES;
				CLANG_WARN_BLOCK_CAPTURE_AUTORELEASING = YES;
				CLANG_WARN_BOOL_CONVERSION = YES;
				CLANG_WARN_COMMA = YES;
				CLANG_WARN_CONSTANT_CONVERSION = YES;
				CLANG_WARN_DEPRECATED_OBJC_IMPLEMENTATIONS = YES;
				CLANG_WARN_DIRECT_OBJC_ISA_USAGE = YES_ERROR;
				CLANG_WARN_DOCUMENTATION_COMMENTS = YES;
				CLANG_WARN_EMPTY_BODY = YES;
				CLANG_WARN_ENUM_CONVERSION = YES;
				CLANG_WARN_INFINITE_RECURSION = YES;
				CLANG_WARN_INT_CONVERSION = YES;
				CLANG_WARN_NON_LITERAL_NULL_CONVERSION = YES;
				CLANG_WARN_OBJC_IMPLICIT_RETAIN_SELF = YES;
				CLANG_WARN_OBJC_LITERAL_CONVERSION = YES;
				CLANG_WARN_OBJC_ROOT_CLASS = YES_ERROR;
				CLANG_WARN_QUOTED_INCLUDE_IN_FRAMEWORK_HEADER = YES;
				CLANG_WARN_RANGE_LOOP_ANALYSIS = YES;
				CLANG_WARN_STRICT_PROTOTYPES = YES;
				CLANG_WARN_SUSPICIOUS_MOVE = YES;
				CLANG_WARN_UNGUARDED_AVAILABILITY = YES_AGGRESSIVE;
				CLANG_WARN_UNREACHABLE_CODE = YES;
				CLANG_WARN__DUPLICATE_METHOD_MATCH = YES;
				COPY_PHASE_STRIP = NO;
				DEBUG_INFORMATION_FORMAT = "dwarf-with-dsym";
				ENABLE_NS_ASSERTIONS = NO;
				ENABLE_STRICT_OBJC_MSGSEND = YES;
				GCC_C_LANGUAGE_STANDARD = gnu11;
				GCC_NO_COMMON_BLOCKS = YES;
				GCC_WARN_64_TO_32_BIT_CONVERSION = YES;
				GCC_WARN_ABOUT_RETURN_TYPE = YES_ERROR;
				GCC_WARN_UNDECLARED_SELECTOR = YES;
				GCC_WARN_UNINITIALIZED_AUTOS = YES_AGGRESSIVE;
				GCC_WARN_UNUSED_FUNCTION = YES;
				GCC_WARN_UNUSED_VARIABLE = YES;
				IPHONEOS_DEPLOYMENT_TARGET = 16.1;
				MTL_ENABLE_DEBUG_INFO = NO;
				MTL_FAST_MATH = YES;
				SDKROOT = iphoneos;
				SWIFT_COMPILATION_MODE = wholemodule;
				SWIFT_OPTIMIZATION_LEVEL = "-O";
				VALIDATE_PRODUCT = YES;
			};
			name = Release;
		};
		5B247484294CC38800978AD6 /* Debug */ = {
			isa = XCBuildConfiguration;
			buildSettings = {
				ASSETCATALOG_COMPILER_APPICON_NAME = AppIcon;
				ASSETCATALOG_COMPILER_GLOBAL_ACCENT_COLOR_NAME = AccentColor;
				CODE_SIGN_STYLE = Automatic;
				CURRENT_PROJECT_VERSION = 1;
				DEVELOPMENT_ASSET_PATHS = "\"Birmingham/Preview Content\"";
				DEVELOPMENT_TEAM = RTW9M5R2XR;
				ENABLE_PREVIEWS = YES;
				GENERATE_INFOPLIST_FILE = YES;
				INFOPLIST_KEY_UIApplicationSceneManifest_Generation = YES;
				INFOPLIST_KEY_UIApplicationSupportsIndirectInputEvents = YES;
				INFOPLIST_KEY_UILaunchScreen_Generation = YES;
				INFOPLIST_KEY_UISupportedInterfaceOrientations_iPad = "UIInterfaceOrientationPortrait UIInterfaceOrientationPortraitUpsideDown UIInterfaceOrientationLandscapeLeft UIInterfaceOrientationLandscapeRight";
				INFOPLIST_KEY_UISupportedInterfaceOrientations_iPhone = "UIInterfaceOrientationPortrait UIInterfaceOrientationLandscapeLeft UIInterfaceOrientationLandscapeRight";
				LD_RUNPATH_SEARCH_PATHS = (
					"$(inherited)",
					"@executable_path/Frameworks",
				);
				MARKETING_VERSION = 1.0;
				PRODUCT_BUNDLE_IDENTIFIER = com.alekseynosik.Birmingham;
				PRODUCT_NAME = "$(TARGET_NAME)";
				SWIFT_EMIT_LOC_STRINGS = YES;
				SWIFT_VERSION = 5.0;
				TARGETED_DEVICE_FAMILY = "1,2";
			};
			name = Debug;
		};
		5B247485294CC38800978AD6 /* Release */ = {
			isa = XCBuildConfiguration;
			buildSettings = {
				ASSETCATALOG_COMPILER_APPICON_NAME = AppIcon;
				ASSETCATALOG_COMPILER_GLOBAL_ACCENT_COLOR_NAME = AccentColor;
				CODE_SIGN_STYLE = Automatic;
				CURRENT_PROJECT_VERSION = 1;
				DEVELOPMENT_ASSET_PATHS = "\"Birmingham/Preview Content\"";
				DEVELOPMENT_TEAM = RTW9M5R2XR;
				ENABLE_PREVIEWS = YES;
				GENERATE_INFOPLIST_FILE = YES;
				INFOPLIST_KEY_UIApplicationSceneManifest_Generation = YES;
				INFOPLIST_KEY_UIApplicationSupportsIndirectInputEvents = YES;
				INFOPLIST_KEY_UILaunchScreen_Generation = YES;
				INFOPLIST_KEY_UISupportedInterfaceOrientations_iPad = "UIInterfaceOrientationPortrait UIInterfaceOrientationPortraitUpsideDown UIInterfaceOrientationLandscapeLeft UIInterfaceOrientationLandscapeRight";
				INFOPLIST_KEY_UISupportedInterfaceOrientations_iPhone = "UIInterfaceOrientationPortrait UIInterfaceOrientationLandscapeLeft UIInterfaceOrientationLandscapeRight";
				LD_RUNPATH_SEARCH_PATHS = (
					"$(inherited)",
					"@executable_path/Frameworks",
				);
				MARKETING_VERSION = 1.0;
				PRODUCT_BUNDLE_IDENTIFIER = com.alekseynosik.Birmingham;
				PRODUCT_NAME = "$(TARGET_NAME)";
				SWIFT_EMIT_LOC_STRINGS = YES;
				SWIFT_VERSION = 5.0;
				TARGETED_DEVICE_FAMILY = "1,2";
			};
			name = Release;
		};
/* End XCBuildConfiguration section */

/* Begin XCConfigurationList section */
		5B247470294CC38700978AD6 /* Build configuration list for PBXProject "Birmingham" */ = {
			isa = XCConfigurationList;
			buildConfigurations = (
				5B247481294CC38800978AD6 /* Debug */,
				5B247482294CC38800978AD6 /* Release */,
			);
			defaultConfigurationIsVisible = 0;
			defaultConfigurationName = Release;
		};
		5B247483294CC38800978AD6 /* Build configuration list for PBXNativeTarget "Birmingham" */ = {
			isa = XCConfigurationList;
			buildConfigurations = (
				5B247484294CC38800978AD6 /* Debug */,
				5B247485294CC38800978AD6 /* Release */,
			);
			defaultConfigurationIsVisible = 0;
			defaultConfigurationName = Release;
		};
/* End XCConfigurationList section */
	};
	rootObject = 5B24746D294CC38700978AD6 /* Project object */;
}
